<?xml version="1.0" encoding="utf-8"?>
<Project ToolsVersion="4.0" xmlns="http://schemas.microsoft.com/developer/msbuild/2003">
  <ItemGroup>
    <Filter Include="Source Files">
      <UniqueIdentifier>{ec6c3ad8-d0af-4d7d-9a2e-97532f1ba967}</UniqueIdentifier>
    </Filter>
    <Filter Include="Header Files">
      <UniqueIdentifier>{6c986854-9811-466f-83a3-d707115315dc}</UniqueIdentifier>
    </Filter>
    <Filter Include="Array Files">
      <UniqueIdentifier>{3afa8b81-2e27-4a60-9ed1-88c0953d7e2d}</UniqueIdentifier>
    </Filter>
    <Filter Include="Shader Files">
      <UniqueIdentifier>{72c99d6e-9648-480d-a16a-0eaebe2d879a}</UniqueIdentifier>
    </Filter>
    <Filter Include="Image Files">
      <UniqueIdentifier>{ed6f1dbb-2935-434b-81cd-39e5671fb142}</UniqueIdentifier>
    </Filter>
  </ItemGroup>
  <ItemGroup>
    <ClCompile Include="src\color.c">
      <Filter>Source Files</Filter>
    </ClCompile>
    <ClCompile Include="src\deserializer.c">
      <Filter>Source Files</Filter>
    </ClCompile>
    <ClCompile Include="src\error.c">
      <Filter>Source Files</Filter>
    </ClCompile>
    <ClCompile Include="src\program.c">
      <Filter>Source Files</Filter>
    </ClCompile>
    <ClCompile Include="src\reader.c">
      <Filter>Source Files</Filter>
    </ClCompile>
    <ClCompile Include="src\serializer.c">
      <Filter>Source Files</Filter>
    </ClCompile>
    <ClCompile Include="src\shader.c">
      <Filter>Source Files</Filter>
    </ClCompile>
    <ClCompile Include="src\stringify.c">
      <Filter>Source Files</Filter>
    </ClCompile>
    <ClCompile Include="src\vec2.c">
      <Filter>Source Files</Filter>
    </ClCompile>
    <ClCompile Include="src\vec3.c">
      <Filter>Source Files</Filter>
    </ClCompile>
    <ClCompile Include="src\vec4.c">
      <Filter>Source Files</Filter>
    </ClCompile>
    <ClCompile Include="src\buffer.c">
      <Filter>Source Files</Filter>
    </ClCompile>
    <ClCompile Include="src\writer.c">
      <Filter>Source Files</Filter>
    </ClCompile>
    <ClCompile Include="src\endian.c">
      <Filter>Source Files</Filter>
    </ClCompile>
    <ClCompile Include="src\image.c">
      <Filter>Source Files</Filter>
    </ClCompile>
    <ClCompile Include="src\atlas.c">
      <Filter>Source Files</Filter>
    </ClCompile>
    <ClCompile Include="src\stbi_impl.c">
      <Filter>Source Files</Filter>
    </ClCompile>
  </ItemGroup>
  <ItemGroup>
    <ClInclude Include="lib\color.h">
      <Filter>Header Files</Filter>
    </ClInclude>
    <ClInclude Include="lib\deserializer.h">
      <Filter>Header Files</Filter>
    </ClInclude>
    <ClInclude Include="lib\error.h">
      <Filter>Header Files</Filter>
    </ClInclude>
    <ClInclude Include="lib\reader.h">
      <Filter>Header Files</Filter>
    </ClInclude>
    <ClInclude Include="lib\serializer.h">
      <Filter>Header Files</Filter>
    </ClInclude>
    <ClInclude Include="lib\shader.h">
      <Filter>Header Files</Filter>
    </ClInclude>
    <ClInclude Include="lib\stringify.h">
      <Filter>Header Files</Filter>
    </ClInclude>
    <ClInclude Include="lib\typedef.h">
      <Filter>Header Files</Filter>
    </ClInclude>
    <ClInclude Include="lib\vec2.h">
      <Filter>Header Files</Filter>
    </ClInclude>
    <ClInclude Include="lib\vec3.h">
      <Filter>Header Files</Filter>
    </ClInclude>
    <ClInclude Include="lib\vec4.h">
      <Filter>Header Files</Filter>
    </ClInclude>
    <ClInclude Include="lib\buffer.h">
      <Filter>Header Files</Filter>
    </ClInclude>
    <ClInclude Include="lib\writer.h">
      <Filter>Header Files</Filter>
    </ClInclude>
    <ClInclude Include="lib\endian.h">
      <Filter>Header Files</Filter>
    </ClInclude>
    <ClInclude Include="lib\image.h">
      <Filter>Header Files</Filter>
    </ClInclude>
    <ClInclude Include="lib\atlas.h">
      <Filter>Header Files</Filter>
    </ClInclude>
  </ItemGroup>
  <ItemGroup>
    <CopyFileToFolders Include="data\shaders\basic_shader.vert">
      <Filter>Shader Files</Filter>
    </CopyFileToFolders>
    <CopyFileToFolders Include="data\shaders\basic_shader.frag">
      <Filter>Shader Files</Filter>
    </CopyFileToFolders>
    <CopyFileToFolders Include="data\arrays\cube.vertices">
      <Filter>Array Files</Filter>
    </CopyFileToFolders>
    <CopyFileToFolders Include="data\arrays\cube.indices">
      <Filter>Array Files</Filter>
    </CopyFileToFolders>
    <CopyFileToFolders Include="data\glyphs\glyphs_8x8.png">
      <Filter>Image Files</Filter>
    </CopyFileToFolders>
    <CopyFileToFolders Include="data\glyphs\glyphs_12x12.png">
      <Filter>Image Files</Filter>
    </CopyFileToFolders>
    <CopyFileToFolders Include="data\glyphs\glyphs_16x16.png">
      <Filter>Image Files</Filter>
    </CopyFileToFolders>
  </ItemGroup>
</Project>